
Microsoft Visual Studio Solution File, Format Version 12.00
# Visual Studio 15
VisualStudioVersion = 15.0.27703.2042
MinimumVisualStudioVersion = 10.0.40219.1
Project("{9A19103F-16F7-4668-BE54-9A1E7A4F7556}") = "BancoSangueAPI", "BancoSangueAPI\BancoSangueAPI.csproj", "{0EC46A47-170C-4F72-90D6-2FD7DB583F4A}"
EndProject
Global
	GlobalSection(SolutionConfigurationPlatforms) = preSolution
		Debug|Any CPU = Debug|Any CPU
		Release|Any CPU = Release|Any CPU
	EndGlobalSection
	GlobalSection(ProjectConfigurationPlatforms) = postSolution
		{0EC46A47-170C-4F72-90D6-2FD7DB583F4A}.Debug|Any CPU.ActiveCfg = Debug|Any CPU
		{0EC46A47-170C-4F72-90D6-2FD7DB583F4A}.Debug|Any CPU.Build.0 = Debug|Any CPU
		{0EC46A47-170C-4F72-90D6-2FD7DB583F4A}.Release|Any CPU.ActiveCfg = Release|Any CPU
		{0EC46A47-170C-4F72-90D6-2FD7DB583F4A}.Release|Any CPU.Build.0 = Release|Any CPU
	EndGlobalSection
	GlobalSection(SolutionProperties) = preSolution
		HideSolutionNode = FALSE
	EndGlobalSection
	GlobalSection(ExtensibilityGlobals) = postSolution
		SolutionGuid = {93634392-A1A8-4A9D-AAE9-08D154352C3F}
	EndGlobalSection
EndGlobal
